
Microsoft Visual Studio Solution File, Format Version 12.00
# Visual Studio 15
VisualStudioVersion = 15.0.28307.1267
MinimumVisualStudioVersion = 10.0.40219.1
Project("{8BC9CEB8-8B4A-11D0-8D11-00A0C91BC942}") = "HW3.19", "HW3.19\HW3.19.vcxproj", "{C1D77904-643E-4BAF-998E-4408FF06012B}"
EndProject
Global
	GlobalSection(SolutionConfigurationPlatforms) = preSolution
		Debug|x64 = Debug|x64
		Debug|x86 = Debug|x86
		Release|x64 = Release|x64
		Release|x86 = Release|x86
	EndGlobalSection
	GlobalSection(ProjectConfigurationPlatforms) = postSolution
		{C1D77904-643E-4BAF-998E-4408FF06012B}.Debug|x64.ActiveCfg = Debug|x64
		{C1D77904-643E-4BAF-998E-4408FF06012B}.Debug|x64.Build.0 = Debug|x64
		{C1D77904-643E-4BAF-998E-4408FF06012B}.Debug|x86.ActiveCfg = Debug|Win32
		{C1D77904-643E-4BAF-998E-4408FF06012B}.Debug|x86.Build.0 = Debug|Win32
		{C1D77904-643E-4BAF-998E-4408FF06012B}.Release|x64.ActiveCfg = Release|x64
		{C1D77904-643E-4BAF-998E-4408FF06012B}.Release|x64.Build.0 = Release|x64
		{C1D77904-643E-4BAF-998E-4408FF06012B}.Release|x86.ActiveCfg = Release|Win32
		{C1D77904-643E-4BAF-998E-4408FF06012B}.Release|x86.Build.0 = Release|Win32
	EndGlobalSection
	GlobalSection(SolutionProperties) = preSolution
		HideSolutionNode = FALSE
	EndGlobalSection
	GlobalSection(ExtensibilityGlobals) = postSolution
		SolutionGuid = {7867B50A-0852-44B5-B21A-9AA1B147EC16}
	EndGlobalSection
EndGlobal
