
Microsoft Visual Studio Solution File, Format Version 12.00
# Visual Studio 15
VisualStudioVersion = 15.0.28307.1267
MinimumVisualStudioVersion = 10.0.40219.1
Project("{8BC9CEB8-8B4A-11D0-8D11-00A0C91BC942}") = "HW3.20", "HW3.20\HW3.20.vcxproj", "{9DCA2FF1-2525-4CE7-BA54-168CEDEDF8C5}"
EndProject
Global
	GlobalSection(SolutionConfigurationPlatforms) = preSolution
		Debug|x64 = Debug|x64
		Debug|x86 = Debug|x86
		Release|x64 = Release|x64
		Release|x86 = Release|x86
	EndGlobalSection
	GlobalSection(ProjectConfigurationPlatforms) = postSolution
		{9DCA2FF1-2525-4CE7-BA54-168CEDEDF8C5}.Debug|x64.ActiveCfg = Debug|x64
		{9DCA2FF1-2525-4CE7-BA54-168CEDEDF8C5}.Debug|x64.Build.0 = Debug|x64
		{9DCA2FF1-2525-4CE7-BA54-168CEDEDF8C5}.Debug|x86.ActiveCfg = Debug|Win32
		{9DCA2FF1-2525-4CE7-BA54-168CEDEDF8C5}.Debug|x86.Build.0 = Debug|Win32
		{9DCA2FF1-2525-4CE7-BA54-168CEDEDF8C5}.Release|x64.ActiveCfg = Release|x64
		{9DCA2FF1-2525-4CE7-BA54-168CEDEDF8C5}.Release|x64.Build.0 = Release|x64
		{9DCA2FF1-2525-4CE7-BA54-168CEDEDF8C5}.Release|x86.ActiveCfg = Release|Win32
		{9DCA2FF1-2525-4CE7-BA54-168CEDEDF8C5}.Release|x86.Build.0 = Release|Win32
	EndGlobalSection
	GlobalSection(SolutionProperties) = preSolution
		HideSolutionNode = FALSE
	EndGlobalSection
	GlobalSection(ExtensibilityGlobals) = postSolution
		SolutionGuid = {F2089A6C-5754-4A5B-B7A2-891FF9268C89}
	EndGlobalSection
EndGlobal
