
Microsoft Visual Studio Solution File, Format Version 12.00
# Visual Studio 15
VisualStudioVersion = 15.0.28307.1267
MinimumVisualStudioVersion = 10.0.40219.1
Project("{8BC9CEB8-8B4A-11D0-8D11-00A0C91BC942}") = "HW4.15", "HW4.15\HW4.15.vcxproj", "{FA46B795-0823-4630-B438-49BCE7FB17EC}"
EndProject
Global
	GlobalSection(SolutionConfigurationPlatforms) = preSolution
		Debug|x64 = Debug|x64
		Debug|x86 = Debug|x86
		Release|x64 = Release|x64
		Release|x86 = Release|x86
	EndGlobalSection
	GlobalSection(ProjectConfigurationPlatforms) = postSolution
		{FA46B795-0823-4630-B438-49BCE7FB17EC}.Debug|x64.ActiveCfg = Debug|x64
		{FA46B795-0823-4630-B438-49BCE7FB17EC}.Debug|x64.Build.0 = Debug|x64
		{FA46B795-0823-4630-B438-49BCE7FB17EC}.Debug|x86.ActiveCfg = Debug|Win32
		{FA46B795-0823-4630-B438-49BCE7FB17EC}.Debug|x86.Build.0 = Debug|Win32
		{FA46B795-0823-4630-B438-49BCE7FB17EC}.Release|x64.ActiveCfg = Release|x64
		{FA46B795-0823-4630-B438-49BCE7FB17EC}.Release|x64.Build.0 = Release|x64
		{FA46B795-0823-4630-B438-49BCE7FB17EC}.Release|x86.ActiveCfg = Release|Win32
		{FA46B795-0823-4630-B438-49BCE7FB17EC}.Release|x86.Build.0 = Release|Win32
	EndGlobalSection
	GlobalSection(SolutionProperties) = preSolution
		HideSolutionNode = FALSE
	EndGlobalSection
	GlobalSection(ExtensibilityGlobals) = postSolution
		SolutionGuid = {E3A5D780-DCEC-4AF4-8F15-544DBAD75F22}
	EndGlobalSection
EndGlobal
